
Microsoft Visual Studio Solution File, Format Version 12.00
# Visual Studio 15
Project("{FAE04EC0-301F-11D3-BF4B-00C04F79EFBC}") = "Assembly-CSharp", "Assembly-CSharp.csproj", "{D7F403C9-62F7-521A-D0E6-9C2621CDD817}"
EndProject
Project("{FAE04EC0-301F-11D3-BF4B-00C04F79EFBC}") = "Polyperfect.Universal", "Polyperfect.Universal.csproj", "{60DAD735-5F0A-422B-6AEC-EC7F7F82104E}"
EndProject
Global
	GlobalSection(SolutionConfigurationPlatforms) = preSolution
		Debug|Any CPU = Debug|Any CPU
		Release|Any CPU = Release|Any CPU
	EndGlobalSection
	GlobalSection(ProjectConfigurationPlatforms) = postSolution
		{D7F403C9-62F7-521A-D0E6-9C2621CDD817}.Debug|Any CPU.ActiveCfg = Debug|Any CPU
		{D7F403C9-62F7-521A-D0E6-9C2621CDD817}.Debug|Any CPU.Build.0 = Debug|Any CPU
		{D7F403C9-62F7-521A-D0E6-9C2621CDD817}.Release|Any CPU.ActiveCfg = Release|Any CPU
		{D7F403C9-62F7-521A-D0E6-9C2621CDD817}.Release|Any CPU.Build.0 = Release|Any CPU
		{60DAD735-5F0A-422B-6AEC-EC7F7F82104E}.Debug|Any CPU.ActiveCfg = Debug|Any CPU
		{60DAD735-5F0A-422B-6AEC-EC7F7F82104E}.Debug|Any CPU.Build.0 = Debug|Any CPU
		{60DAD735-5F0A-422B-6AEC-EC7F7F82104E}.Release|Any CPU.ActiveCfg = Release|Any CPU
		{60DAD735-5F0A-422B-6AEC-EC7F7F82104E}.Release|Any CPU.Build.0 = Release|Any CPU
	EndGlobalSection
	GlobalSection(SolutionProperties) = preSolution
		HideSolutionNode = FALSE
	EndGlobalSection
EndGlobal
